
Microsoft Visual Studio Solution File, Format Version 12.00
# Visual Studio Version 17
VisualStudioVersion = 17.3.32922.545
MinimumVisualStudioVersion = 10.0.40219.1
Project("{FAE04EC0-301F-11D3-BF4B-00C04F79EFBC}") = "SinglyLinked", "SinglyLinked.csproj", "{34991AA1-1837-4114-850B-EDD0940B7737}"
EndProject
Global
	GlobalSection(SolutionConfigurationPlatforms) = preSolution
		Debug|Any CPU = Debug|Any CPU
		Release|Any CPU = Release|Any CPU
	EndGlobalSection
	GlobalSection(ProjectConfigurationPlatforms) = postSolution
		{34991AA1-1837-4114-850B-EDD0940B7737}.Debug|Any CPU.ActiveCfg = Debug|Any CPU
		{34991AA1-1837-4114-850B-EDD0940B7737}.Debug|Any CPU.Build.0 = Debug|Any CPU
		{34991AA1-1837-4114-850B-EDD0940B7737}.Release|Any CPU.ActiveCfg = Release|Any CPU
		{34991AA1-1837-4114-850B-EDD0940B7737}.Release|Any CPU.Build.0 = Release|Any CPU
	EndGlobalSection
	GlobalSection(SolutionProperties) = preSolution
		HideSolutionNode = FALSE
	EndGlobalSection
	GlobalSection(ExtensibilityGlobals) = postSolution
		SolutionGuid = {C69A79C9-E6F8-4973-A8C8-F6D3C47BADF1}
	EndGlobalSection
EndGlobal
